
Microsoft Visual Studio Solution File, Format Version 12.00
# Visual Studio Version 17
VisualStudioVersion = 17.3.32819.101
MinimumVisualStudioVersion = 10.0.40219.1
Project("{2150E333-8FDC-42A3-9474-1A3956D46DE8}") = "Aplicacion", "Aplicacion", "{B5CB63D1-B9F2-4709-8931-590A7E2FA5B7}"
EndProject
Project("{2150E333-8FDC-42A3-9474-1A3956D46DE8}") = "Infraestructura", "Infraestructura", "{FE88E154-7291-4627-B8CB-65DB3E4D825A}"
EndProject
Project("{2150E333-8FDC-42A3-9474-1A3956D46DE8}") = "Presentacion", "Presentacion", "{B7533E30-83C2-4E38-9B25-E3EF2C406C2F}"
EndProject
Project("{2150E333-8FDC-42A3-9474-1A3956D46DE8}") = "Backend", "Backend", "{833D7294-BD23-4842-91E2-A62AAA2496C3}"
EndProject
Project("{2150E333-8FDC-42A3-9474-1A3956D46DE8}") = "Frontend", "Frontend", "{0F4F85CA-FD4B-4434-8CCF-8FAA636B59EF}"
EndProject
Project("{2150E333-8FDC-42A3-9474-1A3956D46DE8}") = "Entidades", "Entidades", "{61A27683-5203-4E3B-8EF0-EE3616F154DD}"
EndProject
Project("{2150E333-8FDC-42A3-9474-1A3956D46DE8}") = "Dominios", "Dominios", "{E4226A7A-D26B-4708-9B95-79D360B847E3}"
EndProject
Project("{2150E333-8FDC-42A3-9474-1A3956D46DE8}") = "Swagger", "Swagger", "{477999A1-7DA7-41D4-916D-EFE624793B24}"
EndProject
Project("{2150E333-8FDC-42A3-9474-1A3956D46DE8}") = "CORS", "CORS", "{819F8CD8-345D-43BB-A617-8F2C5EF9BC1B}"
EndProject
Project("{2150E333-8FDC-42A3-9474-1A3956D46DE8}") = "Persistencia", "Persistencia", "{6CCCABE0-788E-44FB-9E0F-C0AA1E1D642D}"
EndProject
Project("{2150E333-8FDC-42A3-9474-1A3956D46DE8}") = "Transporte", "Transporte", "{4845ED58-07E8-4994-9BCD-3CD640197EA0}"
EndProject
Project("{2150E333-8FDC-42A3-9474-1A3956D46DE8}") = "Proveedores", "Proveedores", "{AD6086EE-7699-4A0F-97C5-04149FBDCA26}"
EndProject
Project("{9A19103F-16F7-4668-BE54-9A1E7A4F7556}") = "apitipocambio", "apitipocambio\apitipocambio.csproj", "{483F1267-9241-43DF-AD61-AAF0C03C599E}"
EndProject
Project("{2150E333-8FDC-42A3-9474-1A3956D46DE8}") = "Vistas", "Vistas", "{D80ECD7D-99E8-4829-9B46-CEB10C8A360F}"
EndProject
Project("{2150E333-8FDC-42A3-9474-1A3956D46DE8}") = "Datos", "Datos", "{6F069685-FAE9-4127-87D6-B503A273048F}"
EndProject
Project("{9A19103F-16F7-4668-BE54-9A1E7A4F7556}") = "EntidadesBD", "EntidadesBD\EntidadesBD.csproj", "{5FA3A95E-D48C-42DB-BB80-0608A96187B3}"
EndProject
Project("{9A19103F-16F7-4668-BE54-9A1E7A4F7556}") = "EntidadesAplicacion", "EntidadesAplicacion\EntidadesAplicacion.csproj", "{AB09EC2C-56FF-44FD-BDC3-4B78D5BF48BA}"
EndProject
Project("{9A19103F-16F7-4668-BE54-9A1E7A4F7556}") = "Infraestructura.CORS", "Infraestructura.CORS\Infraestructura.CORS.csproj", "{B857B133-1544-47B2-9783-52FE39DF6F18}"
EndProject
Project("{9A19103F-16F7-4668-BE54-9A1E7A4F7556}") = "Infraestructura.Swagger", "Infraestructura.Swagger\Infraestructura.Swagger.csproj", "{7AD1B153-C9A9-4BC9-8C48-9F7A8DB0E594}"
EndProject
Project("{FAE04EC0-301F-11D3-BF4B-00C04F79EFBC}") = "TC.PERSISTENCIA", "TC.PERSISTENCIA\TC.PERSISTENCIA.csproj", "{35308430-7F3D-4697-9458-13BC098B1B44}"
EndProject
Project("{FAE04EC0-301F-11D3-BF4B-00C04F79EFBC}") = "domain.aplicacion", "domain.aplicacion\domain.aplicacion.csproj", "{B10F2FF8-4482-47ED-8040-3E5BA0436A1E}"
EndProject
Project("{FAE04EC0-301F-11D3-BF4B-00C04F79EFBC}") = "FrontTC", "FrontTC\FrontTC.csproj", "{C501D8BE-335C-4F43-99FB-C99FB7EDFE66}"
EndProject
Project("{54A90642-561A-4BB1-A94E-469ADEE60C69}") = "FrontAngularTS", "FrontAngularTS\FrontAngularTS.esproj", "{ACB8647B-2028-4B67-919F-4DEDB840E641}"
EndProject
Global
	GlobalSection(SolutionConfigurationPlatforms) = preSolution
		Debug|Any CPU = Debug|Any CPU
		Release|Any CPU = Release|Any CPU
	EndGlobalSection
	GlobalSection(ProjectConfigurationPlatforms) = postSolution
		{483F1267-9241-43DF-AD61-AAF0C03C599E}.Debug|Any CPU.ActiveCfg = Debug|Any CPU
		{483F1267-9241-43DF-AD61-AAF0C03C599E}.Debug|Any CPU.Build.0 = Debug|Any CPU
		{483F1267-9241-43DF-AD61-AAF0C03C599E}.Release|Any CPU.ActiveCfg = Release|Any CPU
		{483F1267-9241-43DF-AD61-AAF0C03C599E}.Release|Any CPU.Build.0 = Release|Any CPU
		{5FA3A95E-D48C-42DB-BB80-0608A96187B3}.Debug|Any CPU.ActiveCfg = Debug|Any CPU
		{5FA3A95E-D48C-42DB-BB80-0608A96187B3}.Debug|Any CPU.Build.0 = Debug|Any CPU
		{5FA3A95E-D48C-42DB-BB80-0608A96187B3}.Release|Any CPU.ActiveCfg = Release|Any CPU
		{5FA3A95E-D48C-42DB-BB80-0608A96187B3}.Release|Any CPU.Build.0 = Release|Any CPU
		{AB09EC2C-56FF-44FD-BDC3-4B78D5BF48BA}.Debug|Any CPU.ActiveCfg = Debug|Any CPU
		{AB09EC2C-56FF-44FD-BDC3-4B78D5BF48BA}.Debug|Any CPU.Build.0 = Debug|Any CPU
		{AB09EC2C-56FF-44FD-BDC3-4B78D5BF48BA}.Release|Any CPU.ActiveCfg = Release|Any CPU
		{AB09EC2C-56FF-44FD-BDC3-4B78D5BF48BA}.Release|Any CPU.Build.0 = Release|Any CPU
		{B857B133-1544-47B2-9783-52FE39DF6F18}.Debug|Any CPU.ActiveCfg = Debug|Any CPU
		{B857B133-1544-47B2-9783-52FE39DF6F18}.Debug|Any CPU.Build.0 = Debug|Any CPU
		{B857B133-1544-47B2-9783-52FE39DF6F18}.Release|Any CPU.ActiveCfg = Release|Any CPU
		{B857B133-1544-47B2-9783-52FE39DF6F18}.Release|Any CPU.Build.0 = Release|Any CPU
		{7AD1B153-C9A9-4BC9-8C48-9F7A8DB0E594}.Debug|Any CPU.ActiveCfg = Debug|Any CPU
		{7AD1B153-C9A9-4BC9-8C48-9F7A8DB0E594}.Debug|Any CPU.Build.0 = Debug|Any CPU
		{7AD1B153-C9A9-4BC9-8C48-9F7A8DB0E594}.Release|Any CPU.ActiveCfg = Release|Any CPU
		{7AD1B153-C9A9-4BC9-8C48-9F7A8DB0E594}.Release|Any CPU.Build.0 = Release|Any CPU
		{35308430-7F3D-4697-9458-13BC098B1B44}.Debug|Any CPU.ActiveCfg = Debug|Any CPU
		{35308430-7F3D-4697-9458-13BC098B1B44}.Debug|Any CPU.Build.0 = Debug|Any CPU
		{35308430-7F3D-4697-9458-13BC098B1B44}.Release|Any CPU.ActiveCfg = Release|Any CPU
		{35308430-7F3D-4697-9458-13BC098B1B44}.Release|Any CPU.Build.0 = Release|Any CPU
		{B10F2FF8-4482-47ED-8040-3E5BA0436A1E}.Debug|Any CPU.ActiveCfg = Debug|Any CPU
		{B10F2FF8-4482-47ED-8040-3E5BA0436A1E}.Debug|Any CPU.Build.0 = Debug|Any CPU
		{B10F2FF8-4482-47ED-8040-3E5BA0436A1E}.Release|Any CPU.ActiveCfg = Release|Any CPU
		{B10F2FF8-4482-47ED-8040-3E5BA0436A1E}.Release|Any CPU.Build.0 = Release|Any CPU
		{C501D8BE-335C-4F43-99FB-C99FB7EDFE66}.Debug|Any CPU.ActiveCfg = Debug|Any CPU
		{C501D8BE-335C-4F43-99FB-C99FB7EDFE66}.Debug|Any CPU.Build.0 = Debug|Any CPU
		{C501D8BE-335C-4F43-99FB-C99FB7EDFE66}.Release|Any CPU.ActiveCfg = Release|Any CPU
		{C501D8BE-335C-4F43-99FB-C99FB7EDFE66}.Release|Any CPU.Build.0 = Release|Any CPU
		{ACB8647B-2028-4B67-919F-4DEDB840E641}.Debug|Any CPU.ActiveCfg = Debug|Any CPU
		{ACB8647B-2028-4B67-919F-4DEDB840E641}.Debug|Any CPU.Build.0 = Debug|Any CPU
		{ACB8647B-2028-4B67-919F-4DEDB840E641}.Debug|Any CPU.Deploy.0 = Debug|Any CPU
		{ACB8647B-2028-4B67-919F-4DEDB840E641}.Release|Any CPU.ActiveCfg = Release|Any CPU
		{ACB8647B-2028-4B67-919F-4DEDB840E641}.Release|Any CPU.Build.0 = Release|Any CPU
		{ACB8647B-2028-4B67-919F-4DEDB840E641}.Release|Any CPU.Deploy.0 = Release|Any CPU
	EndGlobalSection
	GlobalSection(SolutionProperties) = preSolution
		HideSolutionNode = FALSE
	EndGlobalSection
	GlobalSection(NestedProjects) = preSolution
		{833D7294-BD23-4842-91E2-A62AAA2496C3} = {B7533E30-83C2-4E38-9B25-E3EF2C406C2F}
		{0F4F85CA-FD4B-4434-8CCF-8FAA636B59EF} = {B7533E30-83C2-4E38-9B25-E3EF2C406C2F}
		{61A27683-5203-4E3B-8EF0-EE3616F154DD} = {B5CB63D1-B9F2-4709-8931-590A7E2FA5B7}
		{E4226A7A-D26B-4708-9B95-79D360B847E3} = {B5CB63D1-B9F2-4709-8931-590A7E2FA5B7}
		{477999A1-7DA7-41D4-916D-EFE624793B24} = {4845ED58-07E8-4994-9BCD-3CD640197EA0}
		{819F8CD8-345D-43BB-A617-8F2C5EF9BC1B} = {4845ED58-07E8-4994-9BCD-3CD640197EA0}
		{6CCCABE0-788E-44FB-9E0F-C0AA1E1D642D} = {FE88E154-7291-4627-B8CB-65DB3E4D825A}
		{4845ED58-07E8-4994-9BCD-3CD640197EA0} = {FE88E154-7291-4627-B8CB-65DB3E4D825A}
		{AD6086EE-7699-4A0F-97C5-04149FBDCA26} = {4845ED58-07E8-4994-9BCD-3CD640197EA0}
		{483F1267-9241-43DF-AD61-AAF0C03C599E} = {833D7294-BD23-4842-91E2-A62AAA2496C3}
		{D80ECD7D-99E8-4829-9B46-CEB10C8A360F} = {61A27683-5203-4E3B-8EF0-EE3616F154DD}
		{6F069685-FAE9-4127-87D6-B503A273048F} = {61A27683-5203-4E3B-8EF0-EE3616F154DD}
		{5FA3A95E-D48C-42DB-BB80-0608A96187B3} = {6F069685-FAE9-4127-87D6-B503A273048F}
		{AB09EC2C-56FF-44FD-BDC3-4B78D5BF48BA} = {D80ECD7D-99E8-4829-9B46-CEB10C8A360F}
		{B857B133-1544-47B2-9783-52FE39DF6F18} = {819F8CD8-345D-43BB-A617-8F2C5EF9BC1B}
		{7AD1B153-C9A9-4BC9-8C48-9F7A8DB0E594} = {477999A1-7DA7-41D4-916D-EFE624793B24}
		{35308430-7F3D-4697-9458-13BC098B1B44} = {6CCCABE0-788E-44FB-9E0F-C0AA1E1D642D}
		{B10F2FF8-4482-47ED-8040-3E5BA0436A1E} = {E4226A7A-D26B-4708-9B95-79D360B847E3}
		{C501D8BE-335C-4F43-99FB-C99FB7EDFE66} = {0F4F85CA-FD4B-4434-8CCF-8FAA636B59EF}
		{ACB8647B-2028-4B67-919F-4DEDB840E641} = {0F4F85CA-FD4B-4434-8CCF-8FAA636B59EF}
	EndGlobalSection
	GlobalSection(ExtensibilityGlobals) = postSolution
		SolutionGuid = {8483AEFB-6FD4-4C68-A17C-B5E0FCF54048}
	EndGlobalSection
EndGlobal
